
Microsoft Visual Studio Solution File, Format Version 12.00
# Visual Studio Version 17
VisualStudioVersion = 17.2.32526.322
MinimumVisualStudioVersion = 10.0.40219.1
Project("{FAE04EC0-301F-11D3-BF4B-00C04F79EFBC}") = "StackOverflowProject", "StackOverflowProject\StackOverflowProject.csproj", "{48DE8CE2-8C61-42A2-9AB0-EC7756236A72}"
EndProject
Project("{FAE04EC0-301F-11D3-BF4B-00C04F79EFBC}") = "StackOverflowProject.DomainModels", "StackOverflowProject.DomainModels\StackOverflowProject.DomainModels.csproj", "{419EDD4F-8A2B-428E-AD1E-0E65C3055EC5}"
EndProject
Project("{FAE04EC0-301F-11D3-BF4B-00C04F79EFBC}") = "StackOverflowProject.ViewModels", "StackOverflowProject.ViewModels\StackOverflowProject.ViewModels.csproj", "{F6763A9F-45B4-49B2-98CA-D9245D4D2C1A}"
EndProject
Project("{FAE04EC0-301F-11D3-BF4B-00C04F79EFBC}") = "StackOverflowProject.Repositories", "StackOverflowProject.Repositories\StackOverflowProject.Repositories.csproj", "{C714A640-E16D-4ED3-85E6-D7618773D5E5}"
EndProject
Project("{FAE04EC0-301F-11D3-BF4B-00C04F79EFBC}") = "StackOverflowProject.ServiceLayer", "StackOverflowProject.ServiceLayer\StackOverflowProject.ServiceLayer.csproj", "{11882F77-EB71-4237-BBAF-6251F315CBF1}"
EndProject
Global
	GlobalSection(SolutionConfigurationPlatforms) = preSolution
		Debug|Any CPU = Debug|Any CPU
		Release|Any CPU = Release|Any CPU
	EndGlobalSection
	GlobalSection(ProjectConfigurationPlatforms) = postSolution
		{48DE8CE2-8C61-42A2-9AB0-EC7756236A72}.Debug|Any CPU.ActiveCfg = Debug|Any CPU
		{48DE8CE2-8C61-42A2-9AB0-EC7756236A72}.Debug|Any CPU.Build.0 = Debug|Any CPU
		{48DE8CE2-8C61-42A2-9AB0-EC7756236A72}.Release|Any CPU.ActiveCfg = Release|Any CPU
		{48DE8CE2-8C61-42A2-9AB0-EC7756236A72}.Release|Any CPU.Build.0 = Release|Any CPU
		{419EDD4F-8A2B-428E-AD1E-0E65C3055EC5}.Debug|Any CPU.ActiveCfg = Debug|Any CPU
		{419EDD4F-8A2B-428E-AD1E-0E65C3055EC5}.Debug|Any CPU.Build.0 = Debug|Any CPU
		{419EDD4F-8A2B-428E-AD1E-0E65C3055EC5}.Release|Any CPU.ActiveCfg = Release|Any CPU
		{419EDD4F-8A2B-428E-AD1E-0E65C3055EC5}.Release|Any CPU.Build.0 = Release|Any CPU
		{F6763A9F-45B4-49B2-98CA-D9245D4D2C1A}.Debug|Any CPU.ActiveCfg = Debug|Any CPU
		{F6763A9F-45B4-49B2-98CA-D9245D4D2C1A}.Debug|Any CPU.Build.0 = Debug|Any CPU
		{F6763A9F-45B4-49B2-98CA-D9245D4D2C1A}.Release|Any CPU.ActiveCfg = Release|Any CPU
		{F6763A9F-45B4-49B2-98CA-D9245D4D2C1A}.Release|Any CPU.Build.0 = Release|Any CPU
		{C714A640-E16D-4ED3-85E6-D7618773D5E5}.Debug|Any CPU.ActiveCfg = Debug|Any CPU
		{C714A640-E16D-4ED3-85E6-D7618773D5E5}.Debug|Any CPU.Build.0 = Debug|Any CPU
		{C714A640-E16D-4ED3-85E6-D7618773D5E5}.Release|Any CPU.ActiveCfg = Release|Any CPU
		{C714A640-E16D-4ED3-85E6-D7618773D5E5}.Release|Any CPU.Build.0 = Release|Any CPU
		{11882F77-EB71-4237-BBAF-6251F315CBF1}.Debug|Any CPU.ActiveCfg = Debug|Any CPU
		{11882F77-EB71-4237-BBAF-6251F315CBF1}.Debug|Any CPU.Build.0 = Debug|Any CPU
		{11882F77-EB71-4237-BBAF-6251F315CBF1}.Release|Any CPU.ActiveCfg = Release|Any CPU
		{11882F77-EB71-4237-BBAF-6251F315CBF1}.Release|Any CPU.Build.0 = Release|Any CPU
	EndGlobalSection
	GlobalSection(SolutionProperties) = preSolution
		HideSolutionNode = FALSE
	EndGlobalSection
	GlobalSection(ExtensibilityGlobals) = postSolution
		SolutionGuid = {F580E0A7-72D4-40B5-B548-AA086F4E9E68}
	EndGlobalSection
EndGlobal
